
Microsoft Visual Studio Solution File, Format Version 12.00
# Visual Studio Version 17
VisualStudioVersion = 17.6.33815.320
MinimumVisualStudioVersion = 10.0.40219.1
Project("{FAE04EC0-301F-11D3-BF4B-00C04F79EFBC}") = "Bixby-web-server", "Bixby-web-server\Bixby-web-server.csproj", "{C43CFC50-C6F4-4D39-ADD2-7787BDCA5146}"
EndProject
Project("{FAE04EC0-301F-11D3-BF4B-00C04F79EFBC}") = "Testing", "Testing\Testing.csproj", "{AD868E41-6F79-4869-B427-C5B55BE8E50D}"
EndProject
Global
	GlobalSection(SolutionConfigurationPlatforms) = preSolution
		Debug|Any CPU = Debug|Any CPU
		Release|Any CPU = Release|Any CPU
	EndGlobalSection
	GlobalSection(ProjectConfigurationPlatforms) = postSolution
		{C43CFC50-C6F4-4D39-ADD2-7787BDCA5146}.Debug|Any CPU.ActiveCfg = Debug|Any CPU
		{C43CFC50-C6F4-4D39-ADD2-7787BDCA5146}.Debug|Any CPU.Build.0 = Debug|Any CPU
		{C43CFC50-C6F4-4D39-ADD2-7787BDCA5146}.Release|Any CPU.ActiveCfg = Release|Any CPU
		{C43CFC50-C6F4-4D39-ADD2-7787BDCA5146}.Release|Any CPU.Build.0 = Release|Any CPU
		{AD868E41-6F79-4869-B427-C5B55BE8E50D}.Debug|Any CPU.ActiveCfg = Debug|Any CPU
		{AD868E41-6F79-4869-B427-C5B55BE8E50D}.Debug|Any CPU.Build.0 = Debug|Any CPU
		{AD868E41-6F79-4869-B427-C5B55BE8E50D}.Release|Any CPU.ActiveCfg = Release|Any CPU
		{AD868E41-6F79-4869-B427-C5B55BE8E50D}.Release|Any CPU.Build.0 = Release|Any CPU
	EndGlobalSection
	GlobalSection(SolutionProperties) = preSolution
		HideSolutionNode = FALSE
	EndGlobalSection
	GlobalSection(ExtensibilityGlobals) = postSolution
		SolutionGuid = {F9E05928-56A0-4D4E-9ADA-24C84F47CF24}
	EndGlobalSection
EndGlobal
